
Microsoft Visual Studio Solution File, Format Version 12.00
# Visual Studio 15
VisualStudioVersion = 15.0.27428.2027
MinimumVisualStudioVersion = 10.0.40219.1
Project("{FAE04EC0-301F-11D3-BF4B-00C04F79EFBC}") = "SqlSimple", "SqlSimple\SqlSimple.csproj", "{7B47A8AD-AAB9-4188-9EBF-E1B8A156F53A}"
EndProject
Global
	GlobalSection(SolutionConfigurationPlatforms) = preSolution
		Debug|Any CPU = Debug|Any CPU
		Release|Any CPU = Release|Any CPU
	EndGlobalSection
	GlobalSection(ProjectConfigurationPlatforms) = postSolution
		{7B47A8AD-AAB9-4188-9EBF-E1B8A156F53A}.Debug|Any CPU.ActiveCfg = Debug|Any CPU
		{7B47A8AD-AAB9-4188-9EBF-E1B8A156F53A}.Debug|Any CPU.Build.0 = Debug|Any CPU
		{7B47A8AD-AAB9-4188-9EBF-E1B8A156F53A}.Release|Any CPU.ActiveCfg = Release|Any CPU
		{7B47A8AD-AAB9-4188-9EBF-E1B8A156F53A}.Release|Any CPU.Build.0 = Release|Any CPU
	EndGlobalSection
	GlobalSection(SolutionProperties) = preSolution
		HideSolutionNode = FALSE
	EndGlobalSection
	GlobalSection(ExtensibilityGlobals) = postSolution
		SolutionGuid = {891325EC-1C21-4C82-8C84-CDD200B600DA}
	EndGlobalSection
EndGlobal
